
Microsoft Visual Studio Solution File, Format Version 12.00
# Visual Studio Version 17
VisualStudioVersion = 17.9.34607.119
MinimumVisualStudioVersion = 10.0.40219.1
Project("{FAE04EC0-301F-11D3-BF4B-00C04F79EFBC}") = "MOGI", "MOGI.csproj", "{D7205938-5FB7-45E7-8E2D-D2F2BD54FD65}"
EndProject
Global
	GlobalSection(SolutionConfigurationPlatforms) = preSolution
		Debug|Any CPU = Debug|Any CPU
		Release|Any CPU = Release|Any CPU
	EndGlobalSection
	GlobalSection(ProjectConfigurationPlatforms) = postSolution
		{D7205938-5FB7-45E7-8E2D-D2F2BD54FD65}.Debug|Any CPU.ActiveCfg = Debug|Any CPU
		{D7205938-5FB7-45E7-8E2D-D2F2BD54FD65}.Debug|Any CPU.Build.0 = Debug|Any CPU
		{D7205938-5FB7-45E7-8E2D-D2F2BD54FD65}.Release|Any CPU.ActiveCfg = Release|Any CPU
		{D7205938-5FB7-45E7-8E2D-D2F2BD54FD65}.Release|Any CPU.Build.0 = Release|Any CPU
	EndGlobalSection
	GlobalSection(SolutionProperties) = preSolution
		HideSolutionNode = FALSE
	EndGlobalSection
	GlobalSection(ExtensibilityGlobals) = postSolution
		SolutionGuid = {6B4BF864-6AF3-46C5-8B78-0E59EBA6EB57}
	EndGlobalSection
EndGlobal
